
Microsoft Visual Studio Solution File, Format Version 12.00
# Visual Studio Version 16
VisualStudioVersion = 16.0.29201.188
MinimumVisualStudioVersion = 10.0.40219.1
Project("{8BC9CEB8-8B4A-11D0-8D11-00A0C91BC942}") = "IR_intro", "IR_intro.vcxproj", "{C20B5774-061D-46FB-8B7F-872CA1032F63}"
EndProject
Global
	GlobalSection(SolutionConfigurationPlatforms) = preSolution
		Debug|x64 = Debug|x64
		Debug|x86 = Debug|x86
		Release|x64 = Release|x64
		Release|x86 = Release|x86
	EndGlobalSection
	GlobalSection(ProjectConfigurationPlatforms) = postSolution
		{C20B5774-061D-46FB-8B7F-872CA1032F63}.Debug|x64.ActiveCfg = Debug|x64
		{C20B5774-061D-46FB-8B7F-872CA1032F63}.Debug|x64.Build.0 = Debug|x64
		{C20B5774-061D-46FB-8B7F-872CA1032F63}.Debug|x86.ActiveCfg = Debug|Win32
		{C20B5774-061D-46FB-8B7F-872CA1032F63}.Debug|x86.Build.0 = Debug|Win32
		{C20B5774-061D-46FB-8B7F-872CA1032F63}.Release|x64.ActiveCfg = Release|x64
		{C20B5774-061D-46FB-8B7F-872CA1032F63}.Release|x64.Build.0 = Release|x64
		{C20B5774-061D-46FB-8B7F-872CA1032F63}.Release|x86.ActiveCfg = Release|Win32
		{C20B5774-061D-46FB-8B7F-872CA1032F63}.Release|x86.Build.0 = Release|Win32
	EndGlobalSection
	GlobalSection(SolutionProperties) = preSolution
		HideSolutionNode = FALSE
	EndGlobalSection
	GlobalSection(ExtensibilityGlobals) = postSolution
		SolutionGuid = {7A243C94-58C9-4561-911A-3975E80622CA}
	EndGlobalSection
EndGlobal
